
Microsoft Visual Studio Solution File, Format Version 12.00
# Visual Studio 14
VisualStudioVersion = 14.0.24720.0
MinimumVisualStudioVersion = 10.0.40219.1
Project("{FAE04EC0-301F-11D3-BF4B-00C04F79EFBC}") = "GameStore.Domain", "GameStore.Domain\GameStore.Domain.csproj", "{0E2DD301-39F2-4D4F-80CE-BBD0373A173B}"
EndProject
Project("{FAE04EC0-301F-11D3-BF4B-00C04F79EFBC}") = "GameStore.WebUI", "GameStore.WebUI\GameStore.WebUI.csproj", "{B079F303-8057-4162-92AC-679C2E1993B9}"
EndProject
Project("{FAE04EC0-301F-11D3-BF4B-00C04F79EFBC}") = "GameStore.UnitTests", "GameStore.UnitTests\GameStore.UnitTests.csproj", "{7385A381-2B8A-4B0E-AB8F-FD812A9ACA67}"
EndProject
Global
	GlobalSection(SolutionConfigurationPlatforms) = preSolution
		Debug|Any CPU = Debug|Any CPU
		Release|Any CPU = Release|Any CPU
	EndGlobalSection
	GlobalSection(ProjectConfigurationPlatforms) = postSolution
		{0E2DD301-39F2-4D4F-80CE-BBD0373A173B}.Debug|Any CPU.ActiveCfg = Debug|Any CPU
		{0E2DD301-39F2-4D4F-80CE-BBD0373A173B}.Debug|Any CPU.Build.0 = Debug|Any CPU
		{0E2DD301-39F2-4D4F-80CE-BBD0373A173B}.Release|Any CPU.ActiveCfg = Release|Any CPU
		{0E2DD301-39F2-4D4F-80CE-BBD0373A173B}.Release|Any CPU.Build.0 = Release|Any CPU
		{B079F303-8057-4162-92AC-679C2E1993B9}.Debug|Any CPU.ActiveCfg = Debug|Any CPU
		{B079F303-8057-4162-92AC-679C2E1993B9}.Debug|Any CPU.Build.0 = Debug|Any CPU
		{B079F303-8057-4162-92AC-679C2E1993B9}.Release|Any CPU.ActiveCfg = Release|Any CPU
		{B079F303-8057-4162-92AC-679C2E1993B9}.Release|Any CPU.Build.0 = Release|Any CPU
		{7385A381-2B8A-4B0E-AB8F-FD812A9ACA67}.Debug|Any CPU.ActiveCfg = Debug|Any CPU
		{7385A381-2B8A-4B0E-AB8F-FD812A9ACA67}.Debug|Any CPU.Build.0 = Debug|Any CPU
		{7385A381-2B8A-4B0E-AB8F-FD812A9ACA67}.Release|Any CPU.ActiveCfg = Release|Any CPU
		{7385A381-2B8A-4B0E-AB8F-FD812A9ACA67}.Release|Any CPU.Build.0 = Release|Any CPU
	EndGlobalSection
	GlobalSection(SolutionProperties) = preSolution
		HideSolutionNode = FALSE
	EndGlobalSection
EndGlobal
